
Microsoft Visual Studio Solution File, Format Version 12.00
# Visual Studio Version 16
VisualStudioVersion = 16.0.31205.134
MinimumVisualStudioVersion = 10.0.40219.1
Project("{FAE04EC0-301F-11D3-BF4B-00C04F79EFBC}") = "Encryption Format2", "Encryption Format2.csproj", "{20396AC7-CFB9-4B04-82D3-89C1182F1D5E}"
EndProject
Global
	GlobalSection(SolutionConfigurationPlatforms) = preSolution
		Debug|Any CPU = Debug|Any CPU
		Release|Any CPU = Release|Any CPU
	EndGlobalSection
	GlobalSection(ProjectConfigurationPlatforms) = postSolution
		{20396AC7-CFB9-4B04-82D3-89C1182F1D5E}.Debug|Any CPU.ActiveCfg = Debug|Any CPU
		{20396AC7-CFB9-4B04-82D3-89C1182F1D5E}.Debug|Any CPU.Build.0 = Debug|Any CPU
		{20396AC7-CFB9-4B04-82D3-89C1182F1D5E}.Release|Any CPU.ActiveCfg = Release|Any CPU
		{20396AC7-CFB9-4B04-82D3-89C1182F1D5E}.Release|Any CPU.Build.0 = Release|Any CPU
	EndGlobalSection
	GlobalSection(SolutionProperties) = preSolution
		HideSolutionNode = FALSE
	EndGlobalSection
	GlobalSection(ExtensibilityGlobals) = postSolution
		SolutionGuid = {7C065135-3F9B-43D7-905C-6255215ED7AC}
	EndGlobalSection
EndGlobal
