
Microsoft Visual Studio Solution File, Format Version 12.00
# Visual Studio Version 16
VisualStudioVersion = 16.0.31205.134
MinimumVisualStudioVersion = 10.0.40219.1
Project("{FAE04EC0-301F-11D3-BF4B-00C04F79EFBC}") = "Data_Base", "Data_Base.csproj", "{BFA5476A-A78E-4F71-B3C1-436C2E95F807}"
EndProject
Global
	GlobalSection(SolutionConfigurationPlatforms) = preSolution
		Debug|Any CPU = Debug|Any CPU
		Release|Any CPU = Release|Any CPU
	EndGlobalSection
	GlobalSection(ProjectConfigurationPlatforms) = postSolution
		{BFA5476A-A78E-4F71-B3C1-436C2E95F807}.Debug|Any CPU.ActiveCfg = Debug|Any CPU
		{BFA5476A-A78E-4F71-B3C1-436C2E95F807}.Debug|Any CPU.Build.0 = Debug|Any CPU
		{BFA5476A-A78E-4F71-B3C1-436C2E95F807}.Release|Any CPU.ActiveCfg = Release|Any CPU
		{BFA5476A-A78E-4F71-B3C1-436C2E95F807}.Release|Any CPU.Build.0 = Release|Any CPU
	EndGlobalSection
	GlobalSection(SolutionProperties) = preSolution
		HideSolutionNode = FALSE
	EndGlobalSection
	GlobalSection(ExtensibilityGlobals) = postSolution
		SolutionGuid = {D830E2D4-2A0B-42C3-AADD-B60A5A58E309}
	EndGlobalSection
EndGlobal
